
Microsoft Visual Studio Solution File, Format Version 12.00
# Visual Studio Version 16
VisualStudioVersion = 16.0.29020.237
MinimumVisualStudioVersion = 10.0.40219.1
Project("{8BC9CEB8-8B4A-11D0-8D11-00A0C91BC942}") = "HollowProcessInjection3", "HollowProcessInjection3\HollowProcessInjection3.vcxproj", "{A8074B54-6FA6-4197-A06C-D0AFDEFE46DA}"
EndProject
Global
	GlobalSection(SolutionConfigurationPlatforms) = preSolution
		Debug|x64 = Debug|x64
		Debug|x86 = Debug|x86
		Release|x64 = Release|x64
		Release|x86 = Release|x86
	EndGlobalSection
	GlobalSection(ProjectConfigurationPlatforms) = postSolution
		{A8074B54-6FA6-4197-A06C-D0AFDEFE46DA}.Debug|x64.ActiveCfg = Debug|x64
		{A8074B54-6FA6-4197-A06C-D0AFDEFE46DA}.Debug|x64.Build.0 = Debug|x64
		{A8074B54-6FA6-4197-A06C-D0AFDEFE46DA}.Debug|x86.ActiveCfg = Debug|Win32
		{A8074B54-6FA6-4197-A06C-D0AFDEFE46DA}.Debug|x86.Build.0 = Debug|Win32
		{A8074B54-6FA6-4197-A06C-D0AFDEFE46DA}.Release|x64.ActiveCfg = Release|x64
		{A8074B54-6FA6-4197-A06C-D0AFDEFE46DA}.Release|x64.Build.0 = Release|x64
		{A8074B54-6FA6-4197-A06C-D0AFDEFE46DA}.Release|x86.ActiveCfg = Release|Win32
		{A8074B54-6FA6-4197-A06C-D0AFDEFE46DA}.Release|x86.Build.0 = Release|Win32
	EndGlobalSection
	GlobalSection(SolutionProperties) = preSolution
		HideSolutionNode = FALSE
	EndGlobalSection
	GlobalSection(ExtensibilityGlobals) = postSolution
		SolutionGuid = {D570E8EA-BF18-4101-9F3D-0C768000A9E6}
	EndGlobalSection
EndGlobal
